
Microsoft Visual Studio Solution File, Format Version 12.00
# Visual Studio Version 16
VisualStudioVersion = 16.0.29201.188
MinimumVisualStudioVersion = 10.0.40219.1
Project("{9A19103F-16F7-4668-BE54-9A1E7A4F7556}") = "SolutionDependencyAnalyzer", "SolutionDependencyAnalyzer\SolutionDependencyAnalyzer.csproj", "{B98921EE-FEB8-4F05-9CC4-7F49072F6EB1}"
EndProject
Project("{FAE04EC0-301F-11D3-BF4B-00C04F79EFBC}") = "SolutionDependencyAnalyzerTests", "SolutionDependencyAnalyzerTests\SolutionDependencyAnalyzerTests.csproj", "{104679BE-5AE7-40F4-BDF0-C73A9F0CC598}"
EndProject
Project("{2150E333-8FDC-42A3-9474-1A3956D46DE8}") = "Solution Items", "Solution Items", "{E2A53FC3-BB6B-4D00-81EC-5427AEF59D35}"
	ProjectSection(SolutionItems) = preProject
		.editorconfig = .editorconfig
	EndProjectSection
EndProject
Global
	GlobalSection(SolutionConfigurationPlatforms) = preSolution
		Debug|Any CPU = Debug|Any CPU
		Release|Any CPU = Release|Any CPU
	EndGlobalSection
	GlobalSection(ProjectConfigurationPlatforms) = postSolution
		{B98921EE-FEB8-4F05-9CC4-7F49072F6EB1}.Debug|Any CPU.ActiveCfg = Debug|Any CPU
		{B98921EE-FEB8-4F05-9CC4-7F49072F6EB1}.Debug|Any CPU.Build.0 = Debug|Any CPU
		{B98921EE-FEB8-4F05-9CC4-7F49072F6EB1}.Release|Any CPU.ActiveCfg = Release|Any CPU
		{B98921EE-FEB8-4F05-9CC4-7F49072F6EB1}.Release|Any CPU.Build.0 = Release|Any CPU
		{104679BE-5AE7-40F4-BDF0-C73A9F0CC598}.Debug|Any CPU.ActiveCfg = Debug|Any CPU
		{104679BE-5AE7-40F4-BDF0-C73A9F0CC598}.Debug|Any CPU.Build.0 = Debug|Any CPU
		{104679BE-5AE7-40F4-BDF0-C73A9F0CC598}.Release|Any CPU.ActiveCfg = Release|Any CPU
		{104679BE-5AE7-40F4-BDF0-C73A9F0CC598}.Release|Any CPU.Build.0 = Release|Any CPU
	EndGlobalSection
	GlobalSection(SolutionProperties) = preSolution
		HideSolutionNode = FALSE
	EndGlobalSection
	GlobalSection(ExtensibilityGlobals) = postSolution
		SolutionGuid = {DEA6AA29-F2B9-4D96-B3B0-6318AD50060D}
	EndGlobalSection
EndGlobal
